{
  "name": "project",
  "version": "1.0.0",
  "lockfileVersion": 1,
  "requires": true,
  "dependencies": {
    "expess": {
      "version": "0.0.1-security",
      "resolved": "https://registry.npmjs.org/expess/-/expess-0.0.1-security.tgz",
      "integrity": "sha512-UgnpgjCF7WMTdWyLWzivOSkeQ4utbiv25q0cof6UIcI3K83fHcrjlvvRuK60BAxhP/i3BpVvfQffiOWr7M1zHQ=="
    },
    "jquery": {
      "version": "3.5.1",
      "resolved": "https://registry.npmjs.org/jquery/-/jquery-3.5.1.tgz",
      "integrity": "sha512-XwIBPqcMn57FxfT+Go5pzySnm4KWkT1Tv7gjrpT1srtf8Weynl6R273VJ5GjkRb51IzMp5nbaPjJXMWeju2MKg=="
    },
    "node": {
      "version": "15.2.1",
      "resolved": "https://registry.npmjs.org/node/-/node-15.2.1.tgz",
      "integrity": "sha512-VaElWfF9c7Gmhq7Y1v+UXp/TRm6IcIb7isJukhtl1AMO5HiVV5b35pPjerfbpQ2478nQUPQu8QnD/eV/ZlNWcA==",
      "requires": {
        "node-bin-setup": "^1.0.0"
      }
    },
    "node-bin-setup": {
      "version": "1.0.6",
      "resolved": "https://registry.npmjs.org/node-bin-setup/-/node-bin-setup-1.0.6.tgz",
      "integrity": "sha512-uPIxXNis1CRbv1DwqAxkgBk5NFV3s7cMN/Gf556jSw6jBvV7ca4F9lRL/8cALcZecRibeqU+5dFYqFFmzv5a0Q=="
    }
  }
}
